
Microsoft Visual Studio Solution File, Format Version 12.00
# Visual Studio Version 17
VisualStudioVersion = 17.3.32825.248
MinimumVisualStudioVersion = 10.0.40219.1
Project("{FAE04EC0-301F-11D3-BF4B-00C04F79EFBC}") = "CalculatorApp", "CalculatorApp\CalculatorApp.csproj", "{A573F12D-44BC-415B-9045-7D386144BD78}"
EndProject
Global
	GlobalSection(SolutionConfigurationPlatforms) = preSolution
		Debug|Any CPU = Debug|Any CPU
		Release|Any CPU = Release|Any CPU
	EndGlobalSection
	GlobalSection(ProjectConfigurationPlatforms) = postSolution
		{A573F12D-44BC-415B-9045-7D386144BD78}.Debug|Any CPU.ActiveCfg = Debug|Any CPU
		{A573F12D-44BC-415B-9045-7D386144BD78}.Debug|Any CPU.Build.0 = Debug|Any CPU
		{A573F12D-44BC-415B-9045-7D386144BD78}.Release|Any CPU.ActiveCfg = Release|Any CPU
		{A573F12D-44BC-415B-9045-7D386144BD78}.Release|Any CPU.Build.0 = Release|Any CPU
	EndGlobalSection
	GlobalSection(SolutionProperties) = preSolution
		HideSolutionNode = FALSE
	EndGlobalSection
	GlobalSection(ExtensibilityGlobals) = postSolution
		SolutionGuid = {6F949C9C-CDA6-49C5-AD95-5491B450709F}
	EndGlobalSection
EndGlobal
